github.com/dominikbraun/graph v0.23.0 h1:TdZB4pPqCLFxYhdyMFb1TBdFxp8XLcJfTTBQucVPgCo=
github.com/dominikbraun/graph v0.23.0/go.mod h1:yOjYyogZLY1LSG9E33JWZJiq5k83Qy2C6POAuiViluc=
github.com/twmb/algoimpl v0.0.0-20170717182524-076353e90b94 h1:RVeQNVS7eoXqFemL1LnyzV7yuijHlBtiq6lH5T/mljw=
github.com/twmb/algoimpl v0.0.0-20170717182524-076353e90b94/go.mod h1:+E0GZE9c8UBk2GYXo9mPIHAtmmBkJlSWCdzLMcsCWV0=
golang.org/x/text v0.0.0-20170915032832-14c0d48ead0c h1:qgOY6WgZOaTkIIMiVjBQcw93ERBE4m30iBm00nkL0i8=
golang.org/x/text v0.0.0-20170915032832-14c0d48ead0c/go.mod h1:NqM8EUOU14njkJ3fqMW+pc6Ldnwhi/IjpwHt7yyuwOQ=
rsc.io/quote v1.5.2 h1:w5fcysjrx7yqtD/aO+QwRjYZOKnaM9Uh2b40tElTs3Y=
rsc.io/quote v1.5.2/go.mod h1:LzX7hefJvL54yjefDEDHNONDjII0t9xZLPXsUe+TKr0=
rsc.io/sampler v1.3.0 h1:7uVkIFmeBqHfdjD+gZwtXXI+RODJ2Wc4O7MPEh/QiW4=
rsc.io/sampler v1.3.0/go.mod h1:T1hPZKmBbMNahiBKFy5HrXp6adAjACjK9JXDnKaTXpA=
